
Microsoft Visual Studio Solution File, Format Version 12.00
# Visual Studio Version 17
VisualStudioVersion = 17.7.34031.279
MinimumVisualStudioVersion = 10.0.40219.1
Project("{FAE04EC0-301F-11D3-BF4B-00C04F79EFBC}") = "Tema2-TamañoTexto", "Tema2-TamañoTexto\Tema2-TamañoTexto.csproj", "{930D6879-14D8-4BC1-BD52-D92F60D0E292}"
EndProject
Global
	GlobalSection(SolutionConfigurationPlatforms) = preSolution
		Debug|Any CPU = Debug|Any CPU
		Release|Any CPU = Release|Any CPU
	EndGlobalSection
	GlobalSection(ProjectConfigurationPlatforms) = postSolution
		{930D6879-14D8-4BC1-BD52-D92F60D0E292}.Debug|Any CPU.ActiveCfg = Debug|Any CPU
		{930D6879-14D8-4BC1-BD52-D92F60D0E292}.Debug|Any CPU.Build.0 = Debug|Any CPU
		{930D6879-14D8-4BC1-BD52-D92F60D0E292}.Release|Any CPU.ActiveCfg = Release|Any CPU
		{930D6879-14D8-4BC1-BD52-D92F60D0E292}.Release|Any CPU.Build.0 = Release|Any CPU
	EndGlobalSection
	GlobalSection(SolutionProperties) = preSolution
		HideSolutionNode = FALSE
	EndGlobalSection
	GlobalSection(ExtensibilityGlobals) = postSolution
		SolutionGuid = {DF1D0C54-A44C-4332-A81E-C1E8E7447339}
	EndGlobalSection
EndGlobal
